# THIS IS AN AUTOGENERATED FILE. DO NOT EDIT THIS FILE DIRECTLY.
# yarn lockfile v1


elm-debug-transformer@^0.0.7:
  version "0.0.7"
  resolved "https://registry.yarnpkg.com/elm-debug-transformer/-/elm-debug-transformer-0.0.7.tgz#38d34a8828c103ef0207d06f057bdd3cd3008f6e"
  integrity sha512-UNCe7PHSLOf9DPAsBboMK3glGVXe8ORVOFf0lRqMpWKX8isR5TSHoX0UkIdhDBk8MMvx5uQgS8zNGq1ekWt2Sw==
